PODS:
  - app_links (7.0.0):
    - Flutter
  - background_downloader (0.0.1):
    - Flutter
  - Flutter (1.0.0)
  - flutter_gemma (0.13.4):
    - Flutter
    - MediaPipeTasksGenAI (= 0.10.33)
    - MediaPipeTasksGenAIC (= 0.10.33)
    - TensorFlowLiteC (= 0.0.1-nightly.20250619)
  - large_file_handler (0.0.1):
    - Flutter
  - MediaPipeTasksGenAI (0.10.33):
    - MediaPipeTasksGenAIC (= 0.10.33)
  - MediaPipeTasksGenAIC (0.10.33)
  - shared_preferences_foundation (0.0.1):
    - Flutter
    - FlutterMacOS
  - TensorFlowLiteC (0.0.1-nightly.20250619):
    - TensorFlowLiteC/Core (= 0.0.1-nightly.20250619)
  - TensorFlowLiteC/Core (0.0.1-nightly.20250619)
  - ultralytics_yolo (0.0.4):
    - Flutter
  - url_launcher_ios (0.0.1):
    - Flutter

DEPENDENCIES:
  - app_links (from `.symlinks/plugins/app_links/ios`)
  - background_downloader (from `.symlinks/plugins/background_downloader/ios`)
  - Flutter (from `Flutter`)
  - flutter_gemma (from `.symlinks/plugins/flutter_gemma/ios`)
  - large_file_handler (from `.symlinks/plugins/large_file_handler/ios`)
  - shared_preferences_foundation (from `.symlinks/plugins/shared_preferences_foundation/darwin`)
  - ultralytics_yolo (from `.symlinks/plugins/ultralytics_yolo/ios`)
  - url_launcher_ios (from `.symlinks/plugins/url_launcher_ios/ios`)

SPEC REPOS:
  trunk:
    - MediaPipeTasksGenAI
    - MediaPipeTasksGenAIC
    - TensorFlowLiteC

EXTERNAL SOURCES:
  app_links:
    :path: ".symlinks/plugins/app_links/ios"
  background_downloader:
    :path: ".symlinks/plugins/background_downloader/ios"
  Flutter:
    :path: Flutter
  flutter_gemma:
    :path: ".symlinks/plugins/flutter_gemma/ios"
  large_file_handler:
    :path: ".symlinks/plugins/large_file_handler/ios"
  shared_preferences_foundation:
    :path: ".symlinks/plugins/shared_preferences_foundation/darwin"
  ultralytics_yolo:
    :path: ".symlinks/plugins/ultralytics_yolo/ios"
  url_launcher_ios:
    :path: ".symlinks/plugins/url_launcher_ios/ios"

SPEC CHECKSUMS:
  app_links: a754cbec3c255bd4bbb4d236ecc06f28cd9a7ce8
  background_downloader: 50e91d979067b82081aba359d7d916b3ba5fadad
  Flutter: cabc95a1d2626b1b06e7179b784ebcf0c0cde467
  flutter_gemma: ec2d68fadc117d339e39aa255d490c3a426e8af9
  large_file_handler: b37481e9b4972562ffcdc8f75700f47cd592bcec
  MediaPipeTasksGenAI: 8eed8e6d03fe26d30c4205cb5295ec7b394432ad
  MediaPipeTasksGenAIC: cb098ecea44e248efe8fe7e2f62b4cb0df781802
  shared_preferences_foundation: 7036424c3d8ec98dfe75ff1667cb0cd531ec82bb
  TensorFlowLiteC: 215ef57653dd0fa09a474e7d94d79ae64a870b28
  ultralytics_yolo: 650ea1417a5b3ef9b1acc55e6edef5385018d3b5
  url_launcher_ios: 7a95fa5b60cc718a708b8f2966718e93db0cef1b

PODFILE CHECKSUM: c0915517eae1a513480956f02c7781054ca94770

COCOAPODS: 1.16.2
